{
  "nodes": {
    "home-manager": {
      "inputs": {
        "nixpkgs": [
          "nixpkgs"
        ]
      },
      "locked": {
        "narHash": "sha256-aWH3MRmjUtx8ciSGLegBJC5mhymsuroHPs74ZldrNTU=",
        "type": "tarball",
        "url": "https://github.com/nix-community/home-manager/archive/master.tar.gz"
      },
      "original": {
        "type": "tarball",
        "url": "https://github.com/nix-community/home-manager/archive/master.tar.gz"
      }
    },
    "nixpkgs": {
      "locked": {
        "lastModified": 1638110343,
        "narHash": "sha256-hQaow8sGPyUrXgrqgDRsfA+73uR0vms2goTQNxIAaRQ=",
        "owner": "nixos",
        "repo": "nixpkgs",
        "rev": "942eb9a335b4cd22fa6a7be31c494e53e76f5637",
        "type": "github"
      },
      "original": {
        "owner": "nixos",
        "ref": "nixos-unstable",
        "repo": "nixpkgs",
        "type": "github"
      }
    },
    "root": {
      "inputs": {
        "home-manager": "home-manager",
        "nixpkgs": "nixpkgs"
      }
    }
  },
  "root": "root",
  "version": 7
}
